
Microsoft Visual Studio Solution File, Format Version 12.00
# Visual Studio Version 17
VisualStudioVersion = 17.9.34714.143
MinimumVisualStudioVersion = 10.0.40219.1
Project("{FAE04EC0-301F-11D3-BF4B-00C04F79EFBC}") = "ATMS3", "ATMS3.csproj", "{AE6111C1-B328-445C-8AFC-8F16510232FB}"
EndProject
Project("{FAE04EC0-301F-11D3-BF4B-00C04F79EFBC}") = "ATMLibrary3", "..\ATMLibrary3\ATMLibrary3.csproj", "{CCB4A60D-E081-4AD2-A5B1-19B2411DD6D6}"
EndProject
Global
	GlobalSection(SolutionConfigurationPlatforms) = preSolution
		Debug|Any CPU = Debug|Any CPU
		Release|Any CPU = Release|Any CPU
	EndGlobalSection
	GlobalSection(ProjectConfigurationPlatforms) = postSolution
		{AE6111C1-B328-445C-8AFC-8F16510232FB}.Debug|Any CPU.ActiveCfg = Debug|Any CPU
		{AE6111C1-B328-445C-8AFC-8F16510232FB}.Debug|Any CPU.Build.0 = Debug|Any CPU
		{AE6111C1-B328-445C-8AFC-8F16510232FB}.Release|Any CPU.ActiveCfg = Release|Any CPU
		{AE6111C1-B328-445C-8AFC-8F16510232FB}.Release|Any CPU.Build.0 = Release|Any CPU
		{CCB4A60D-E081-4AD2-A5B1-19B2411DD6D6}.Debug|Any CPU.ActiveCfg = Debug|Any CPU
		{CCB4A60D-E081-4AD2-A5B1-19B2411DD6D6}.Debug|Any CPU.Build.0 = Debug|Any CPU
		{CCB4A60D-E081-4AD2-A5B1-19B2411DD6D6}.Release|Any CPU.ActiveCfg = Release|Any CPU
		{CCB4A60D-E081-4AD2-A5B1-19B2411DD6D6}.Release|Any CPU.Build.0 = Release|Any CPU
	EndGlobalSection
	GlobalSection(SolutionProperties) = preSolution
		HideSolutionNode = FALSE
	EndGlobalSection
	GlobalSection(ExtensibilityGlobals) = postSolution
		SolutionGuid = {739B6F81-E856-4538-AB29-4498A5A545BB}
	EndGlobalSection
EndGlobal
